<?xml version="1.0" encoding="utf-8"?>
<Project ToolsVersion="4.0" xmlns="http://schemas.microsoft.com/developer/msbuild/2003">
  <ItemGroup>
    <Filter Include="Framework">
      <UniqueIdentifier>{4FC737F1-C7A5-4376-A066-2A32D752A2FF}</UniqueIdentifier>
      <Extensions>cpp;c;cc;cxx;c++;cppm;ixx;def;odl;idl;hpj;bat;asm;asmx</Extensions>
    </Filter>
    <Filter Include="Gameplay">
      <UniqueIdentifier>{11e2ee8e-4a7e-4a57-9532-2ffa944be5be}</UniqueIdentifier>
    </Filter>
  </ItemGroup>
  <ItemGroup>
    <ClCompile Include="Main_Windows.cpp">
      <Filter>Framework</Filter>
    </ClCompile>
    <ClCompile Include="App.cpp">
      <Filter>Framework</Filter>
    </ClCompile>
    <ClCompile Include="GameCommon.cpp">
      <Filter>Framework</Filter>
    </ClCompile>
    <ClCompile Include="GameModeBase.cpp">
      <Filter>Gameplay</Filter>
    </ClCompile>
    <ClCompile Include="GameMode3D.cpp">
      <Filter>Gameplay</Filter>
    </ClCompile>
    <ClCompile Include="GameMode2D.cpp">
      <Filter>Gameplay</Filter>
    </ClCompile>
    <ClCompile Include="GameMode_Constraints_3D.cpp">
      <Filter>Gameplay</Filter>
    </ClCompile>
    <ClCompile Include="GameMode_BipedWalkAnim_3D.cpp">
      <Filter>Gameplay</Filter>
    </ClCompile>
    <ClCompile Include="Map_GameMode3D.cpp">
      <Filter>Framework</Filter>
    </ClCompile>
    <ClCompile Include="Quadruped.cpp">
      <Filter>Gameplay</Filter>
    </ClCompile>
    <ClCompile Include="GameMode_MultipleEndEffectors.cpp">
      <Filter>Gameplay</Filter>
    </ClCompile>
    <ClCompile Include="GameMode_Euler3D.cpp">
      <Filter>Gameplay</Filter>
    </ClCompile>
  </ItemGroup>
  <ItemGroup>
    <ClInclude Include="GameCommon.hpp">
      <Filter>Framework</Filter>
    </ClInclude>
    <ClInclude Include="App.hpp">
      <Filter>Framework</Filter>
    </ClInclude>
    <ClInclude Include="EngineBuildPreferences.hpp" />
    <ClInclude Include="GameModeBase.hpp">
      <Filter>Gameplay</Filter>
    </ClInclude>
    <ClInclude Include="GameMode2D.hpp">
      <Filter>Gameplay</Filter>
    </ClInclude>
    <ClInclude Include="GameMode3D.hpp">
      <Filter>Gameplay</Filter>
    </ClInclude>
    <ClInclude Include="GameMode_Constraints_3D.hpp">
      <Filter>Gameplay</Filter>
    </ClInclude>
    <ClInclude Include="GameMode_BipedWalkAnim_3D.hpp">
      <Filter>Gameplay</Filter>
    </ClInclude>
    <ClInclude Include="Quadruped.hpp">
      <Filter>Gameplay</Filter>
    </ClInclude>
    <ClInclude Include="Map_GameMode3D.hpp">
      <Filter>Gameplay</Filter>
    </ClInclude>
    <ClInclude Include="GameMode_MultipleEndEffectors.hpp">
      <Filter>Gameplay</Filter>
    </ClInclude>
    <ClInclude Include="GameMode_Euler3D.hpp">
      <Filter>Gameplay</Filter>
    </ClInclude>
  </ItemGroup>
</Project>